
Microsoft Visual Studio Solution File, Format Version 12.00
# Visual Studio 15
VisualStudioVersion = 15.0.27004.2002
MinimumVisualStudioVersion = 10.0.40219.1
Project("{9A19103F-16F7-4668-BE54-9A1E7A4F7556}") = "LBS.Amap.api", "IBS.Amap.api\LBS.Amap.api.csproj", "{144E886C-6AB4-4D3D-BF15-00FC2BD23C59}"
EndProject
Project("{9A19103F-16F7-4668-BE54-9A1E7A4F7556}") = "UnitTestProject1", "UnitTestProject1\UnitTestProject1.csproj", "{86457855-A840-4373-BB3D-8A9B976FF76B}"
EndProject
Global
	GlobalSection(SolutionConfigurationPlatforms) = preSolution
		Debug|Any CPU = Debug|Any CPU
		Release|Any CPU = Release|Any CPU
	EndGlobalSection
	GlobalSection(ProjectConfigurationPlatforms) = postSolution
		{144E886C-6AB4-4D3D-BF15-00FC2BD23C59}.Debug|Any CPU.ActiveCfg = Debug|Any CPU
		{144E886C-6AB4-4D3D-BF15-00FC2BD23C59}.Debug|Any CPU.Build.0 = Debug|Any CPU
		{144E886C-6AB4-4D3D-BF15-00FC2BD23C59}.Release|Any CPU.ActiveCfg = Release|Any CPU
		{144E886C-6AB4-4D3D-BF15-00FC2BD23C59}.Release|Any CPU.Build.0 = Release|Any CPU
		{86457855-A840-4373-BB3D-8A9B976FF76B}.Debug|Any CPU.ActiveCfg = Debug|Any CPU
		{86457855-A840-4373-BB3D-8A9B976FF76B}.Debug|Any CPU.Build.0 = Debug|Any CPU
		{86457855-A840-4373-BB3D-8A9B976FF76B}.Release|Any CPU.ActiveCfg = Release|Any CPU
		{86457855-A840-4373-BB3D-8A9B976FF76B}.Release|Any CPU.Build.0 = Release|Any CPU
	EndGlobalSection
	GlobalSection(SolutionProperties) = preSolution
		HideSolutionNode = FALSE
	EndGlobalSection
	GlobalSection(ExtensibilityGlobals) = postSolution
		SolutionGuid = {ED84FFFB-5423-4336-ABFD-7352B2F250D4}
	EndGlobalSection
EndGlobal
